// !$*UTF8*$!
{
	archiveVersion = 1;
	classes = {
	};
	objectVersion = 56;
	objects = {

/* Begin PBXBuildFile section */
		894F9AFD2B073C760075E708 /* AuthentecationVerifyViewModel.swift in Sources */ = {isa = PBXBuildFile; fileRef = 894F9AFC2B073C760075E708 /* AuthentecationVerifyViewModel.swift */; };
		894F9AFF2B073CFB0075E708 /* CreateAccountView.swift in Sources */ = {isa = PBXBuildFile; fileRef = 894F9AFE2B073CFB0075E708 /* CreateAccountView.swift */; };
		894F9B012B073D420075E708 /* HomeView.swift in Sources */ = {isa = PBXBuildFile; fileRef = 894F9B002B073D420075E708 /* HomeView.swift */; };
		898C5EE02B06020A0006C892 /* WhisperProjectApp.swift in Sources */ = {isa = PBXBuildFile; fileRef = 898C5EDF2B06020A0006C892 /* WhisperProjectApp.swift */; };
		898C5EE22B06020A0006C892 /* ContentView.swift in Sources */ = {isa = PBXBuildFile; fileRef = 898C5EE12B06020A0006C892 /* ContentView.swift */; };
		898C5EE42B0602100006C892 /* Assets.xcassets in Resources */ = {isa = PBXBuildFile; fileRef = 898C5EE32B0602100006C892 /* Assets.xcassets */; };
		898C5EE72B0602100006C892 /* Preview Assets.xcassets in Resources */ = {isa = PBXBuildFile; fileRef = 898C5EE62B0602100006C892 /* Preview Assets.xcassets */; };
		898C5EF12B0618010006C892 /* OnBoardingFlow.swift in Sources */ = {isa = PBXBuildFile; fileRef = 898C5EF02B0618010006C892 /* OnBoardingFlow.swift */; };
		898C5EF32B061C900006C892 /* OnboardingModel.swift in Sources */ = {isa = PBXBuildFile; fileRef = 898C5EF22B061C8F0006C892 /* OnboardingModel.swift */; };
		898C5EF52B06200A0006C892 /* OnboardingBaseView.swift in Sources */ = {isa = PBXBuildFile; fileRef = 898C5EF42B06200A0006C892 /* OnboardingBaseView.swift */; };
		898C5EF92B062E980006C892 /* LaunchScreen.storyboard in Resources */ = {isa = PBXBuildFile; fileRef = 898C5EF82B062E980006C892 /* LaunchScreen.storyboard */; };
		898C5EFC2B0637E30006C892 /* AuthentecationView.swift in Sources */ = {isa = PBXBuildFile; fileRef = 898C5EFB2B0637E30006C892 /* AuthentecationView.swift */; };
		898C5EFE2B0637F60006C892 /* AuthentecationVerifyView.swift in Sources */ = {isa = PBXBuildFile; fileRef = 898C5EFD2B0637F60006C892 /* AuthentecationVerifyView.swift */; };
		898C5F002B0638040006C892 /* AuthentecationViewModel.swift in Sources */ = {isa = PBXBuildFile; fileRef = 898C5EFF2B0638040006C892 /* AuthentecationViewModel.swift */; };
		898C5F0F2B063BC50006C892 /* FirebaseAuth in Frameworks */ = {isa = PBXBuildFile; productRef = 898C5F0E2B063BC50006C892 /* FirebaseAuth */; };
		898C5F152B063BC50006C892 /* FirebaseDatabase in Frameworks */ = {isa = PBXBuildFile; productRef = 898C5F142B063BC50006C892 /* FirebaseDatabase */; };
		898C5F172B063BC50006C892 /* FirebaseDatabaseSwift in Frameworks */ = {isa = PBXBuildFile; productRef = 898C5F162B063BC50006C892 /* FirebaseDatabaseSwift */; };
		898C5F1B2B063BC50006C892 /* FirebaseFirestore in Frameworks */ = {isa = PBXBuildFile; productRef = 898C5F1A2B063BC50006C892 /* FirebaseFirestore */; };
		898C5F1F2B063BC50006C892 /* FirebaseFirestoreSwift in Frameworks */ = {isa = PBXBuildFile; productRef = 898C5F1E2B063BC50006C892 /* FirebaseFirestoreSwift */; };
		898C5F352B063BC50006C892 /* FirebaseStorage in Frameworks */ = {isa = PBXBuildFile; productRef = 898C5F342B063BC50006C892 /* FirebaseStorage */; };
		898C5F392B0640C40006C892 /* GoogleService-Info.plist in Resources */ = {isa = PBXBuildFile; fileRef = 898C5F382B0640C40006C892 /* GoogleService-Info.plist */; };
		898C5F3B2B0643750006C892 /* AuthentecationManager.swift in Sources */ = {isa = PBXBuildFile; fileRef = 898C5F3A2B0643750006C892 /* AuthentecationManager.swift */; };
		898C5F3D2B064B530006C892 /* FirestoreManager.swift in Sources */ = {isa = PBXBuildFile; fileRef = 898C5F3C2B064B530006C892 /* FirestoreManager.swift */; };
		898C5F452B0660B10006C892 /* Extensions.swift in Sources */ = {isa = PBXBuildFile; fileRef = 898C5F442B0660B10006C892 /* Extensions.swift */; };
/* End PBXBuildFile section */

/* Begin PBXFileReference section */
		894F9AFC2B073C760075E708 /* AuthentecationVerifyViewModel.swift */ = {isa = PBXFileReference; lastKnownFileType = sourcecode.swift; path = AuthentecationVerifyViewModel.swift; sourceTree = "<group>"; };
		894F9AFE2B073CFB0075E708 /* CreateAccountView.swift */ = {isa = PBXFileReference; lastKnownFileType = sourcecode.swift; path = CreateAccountView.swift; sourceTree = "<group>"; };
		894F9B002B073D420075E708 /* HomeView.swift */ = {isa = PBXFileReference; lastKnownFileType = sourcecode.swift; path = HomeView.swift; sourceTree = "<group>"; };
		898C5EDC2B06020A0006C892 /* WhisperProject.app */ = {isa = PBXFileReference; explicitFileType = wrapper.application; includeInIndex = 0; path = WhisperProject.app; sourceTree = BUILT_PRODUCTS_DIR; };
		898C5EDF2B06020A0006C892 /* WhisperProjectApp.swift */ = {isa = PBXFileReference; lastKnownFileType = sourcecode.swift; path = WhisperProjectApp.swift; sourceTree = "<group>"; };
		898C5EE12B06020A0006C892 /* ContentView.swift */ = {isa = PBXFileReference; lastKnownFileType = sourcecode.swift; path = ContentView.swift; sourceTree = "<group>"; };
		898C5EE32B0602100006C892 /* Assets.xcassets */ = {isa = PBXFileReference; lastKnownFileType = folder.assetcatalog; path = Assets.xcassets; sourceTree = "<group>"; };
		898C5EE62B0602100006C892 /* Preview Assets.xcassets */ = {isa = PBXFileReference; lastKnownFileType = folder.assetcatalog; path = "Preview Assets.xcassets"; sourceTree = "<group>"; };
		898C5EF02B0618010006C892 /* OnBoardingFlow.swift */ = {isa = PBXFileReference; lastKnownFileType = sourcecode.swift; path = OnBoardingFlow.swift; sourceTree = "<group>"; };
		898C5EF22B061C8F0006C892 /* OnboardingModel.swift */ = {isa = PBXFileReference; lastKnownFileType = sourcecode.swift; path = OnboardingModel.swift; sourceTree = "<group>"; };
		898C5EF42B06200A0006C892 /* OnboardingBaseView.swift */ = {isa = PBXFileReference; lastKnownFileType = sourcecode.swift; path = OnboardingBaseView.swift; sourceTree = "<group>"; };
		898C5EF82B062E980006C892 /* LaunchScreen.storyboard */ = {isa = PBXFileReference; lastKnownFileType = file.storyboard; path = LaunchScreen.storyboard; sourceTree = "<group>"; };
		898C5EFB2B0637E30006C892 /* AuthentecationView.swift */ = {isa = PBXFileReference; lastKnownFileType = sourcecode.swift; path = AuthentecationView.swift; sourceTree = "<group>"; };
		898C5EFD2B0637F60006C892 /* AuthentecationVerifyView.swift */ = {isa = PBXFileReference; lastKnownFileType = sourcecode.swift; path = AuthentecationVerifyView.swift; sourceTree = "<group>"; };
		898C5EFF2B0638040006C892 /* AuthentecationViewModel.swift */ = {isa = PBXFileReference; lastKnownFileType = sourcecode.swift; path = AuthentecationViewModel.swift; sourceTree = "<group>"; };
		898C5F382B0640C40006C892 /* GoogleService-Info.plist */ = {isa = PBXFileReference; fileEncoding = 4; lastKnownFileType = text.plist.xml; path = "GoogleService-Info.plist"; sourceTree = "<group>"; };
		898C5F3A2B0643750006C892 /* AuthentecationManager.swift */ = {isa = PBXFileReference; lastKnownFileType = sourcecode.swift; path = AuthentecationManager.swift; sourceTree = "<group>"; };
		898C5F3C2B064B530006C892 /* FirestoreManager.swift */ = {isa = PBXFileReference; lastKnownFileType = sourcecode.swift; path = FirestoreManager.swift; sourceTree = "<group>"; };
		898C5F442B0660B10006C892 /* Extensions.swift */ = {isa = PBXFileReference; fileEncoding = 4; lastKnownFileType = sourcecode.swift; path = Extensions.swift; sourceTree = "<group>"; };
/* End PBXFileReference section */

/* Begin PBXFrameworksBuildPhase section */
		898C5ED92B06020A0006C892 /* Frameworks */ = {
			isa = PBXFrameworksBuildPhase;
			buildActionMask = 2147483647;
			files = (
				898C5F152B063BC50006C892 /* FirebaseDatabase in Frameworks */,
				898C5F1B2B063BC50006C892 /* FirebaseFirestore in Frameworks */,
				898C5F1F2B063BC50006C892 /* FirebaseFirestoreSwift in Frameworks */,
				898C5F0F2B063BC50006C892 /* FirebaseAuth in Frameworks */,
				898C5F172B063BC50006C892 /* FirebaseDatabaseSwift in Frameworks */,
				898C5F352B063BC50006C892 /* FirebaseStorage in Frameworks */,
			);
			runOnlyForDeploymentPostprocessing = 0;
		};
/* End PBXFrameworksBuildPhase section */

/* Begin PBXGroup section */
		894F9AF82B073BD60075E708 /* Home */ = {
			isa = PBXGroup;
			children = (
				894F9B002B073D420075E708 /* HomeView.swift */,
			);
			path = Home;
			sourceTree = "<group>";
		};
		894F9AF92B073BE40075E708 /* CreateAccount */ = {
			isa = PBXGroup;
			children = (
				894F9AFE2B073CFB0075E708 /* CreateAccountView.swift */,
			);
			path = CreateAccount;
			sourceTree = "<group>";
		};
		894F9AFA2B073C300075E708 /* Authentecation */ = {
			isa = PBXGroup;
			children = (
				898C5EFF2B0638040006C892 /* AuthentecationViewModel.swift */,
				898C5EFB2B0637E30006C892 /* AuthentecationView.swift */,
			);
			path = Authentecation;
			sourceTree = "<group>";
		};
		894F9AFB2B073C450075E708 /* AuthentecationVerify */ = {
			isa = PBXGroup;
			children = (
				898C5EFD2B0637F60006C892 /* AuthentecationVerifyView.swift */,
				894F9AFC2B073C760075E708 /* AuthentecationVerifyViewModel.swift */,
			);
			path = AuthentecationVerify;
			sourceTree = "<group>";
		};
		898C5ED32B06020A0006C892 = {
			isa = PBXGroup;
			children = (
				898C5EDE2B06020A0006C892 /* WhisperProject */,
				898C5EDD2B06020A0006C892 /* Products */,
				898C5F3F2B0656600006C892 /* Frameworks */,
			);
			sourceTree = "<group>";
		};
		898C5EDD2B06020A0006C892 /* Products */ = {
			isa = PBXGroup;
			children = (
				898C5EDC2B06020A0006C892 /* WhisperProject.app */,
			);
			name = Products;
			sourceTree = "<group>";
		};
		898C5EDE2B06020A0006C892 /* WhisperProject */ = {
			isa = PBXGroup;
			children = (
				898C5F382B0640C40006C892 /* GoogleService-Info.plist */,
				898C5F442B0660B10006C892 /* Extensions.swift */,
				898C5EDF2B06020A0006C892 /* WhisperProjectApp.swift */,
				898C5EE12B06020A0006C892 /* ContentView.swift */,
				898C5EEE2B06024D0006C892 /* Models */,
				898C5EED2B0602440006C892 /* Core */,
				898C5EE32B0602100006C892 /* Assets.xcassets */,
				898C5EE52B0602100006C892 /* Preview Content */,
			);
			path = WhisperProject;
			sourceTree = "<group>";
		};
		898C5EE52B0602100006C892 /* Preview Content */ = {
			isa = PBXGroup;
			children = (
				898C5EE62B0602100006C892 /* Preview Assets.xcassets */,
			);
			path = "Preview Content";
			sourceTree = "<group>";
		};
		898C5EED2B0602440006C892 /* Core */ = {
			isa = PBXGroup;
			children = (
				898C5F3C2B064B530006C892 /* FirestoreManager.swift */,
				898C5F3A2B0643750006C892 /* AuthentecationManager.swift */,
				894F9AF92B073BE40075E708 /* CreateAccount */,
				894F9AF82B073BD60075E708 /* Home */,
				898C5EFA2B0637B80006C892 /* OTP */,
				898C5EEF2B0602560006C892 /* OnBoarding */,
			);
			name = Core;
			path = "New Group";
			sourceTree = "<group>";
		};
		898C5EEE2B06024D0006C892 /* Models */ = {
			isa = PBXGroup;
			children = (
			);
			name = Models;
			path = "New Group";
			sourceTree = "<group>";
		};
		898C5EEF2B0602560006C892 /* OnBoarding */ = {
			isa = PBXGroup;
			children = (
				898C5EF02B0618010006C892 /* OnBoardingFlow.swift */,
				898C5EF22B061C8F0006C892 /* OnboardingModel.swift */,
				898C5EF42B06200A0006C892 /* OnboardingBaseView.swift */,
				898C5EF82B062E980006C892 /* LaunchScreen.storyboard */,
			);
			name = OnBoarding;
			path = ..;
			sourceTree = "<group>";
		};
		898C5EFA2B0637B80006C892 /* OTP */ = {
			isa = PBXGroup;
			children = (
				894F9AFA2B073C300075E708 /* Authentecation */,
				894F9AFB2B073C450075E708 /* AuthentecationVerify */,
			);
			path = OTP;
			sourceTree = "<group>";
		};
		898C5F3F2B0656600006C892 /* Frameworks */ = {
			isa = PBXGroup;
			children = (
			);
			name = Frameworks;
			sourceTree = "<group>";
		};
/* End PBXGroup section */

/* Begin PBXNativeTarget section */
		898C5EDB2B06020A0006C892 /* WhisperProject */ = {
			isa = PBXNativeTarget;
			buildConfigurationList = 898C5EEA2B0602100006C892 /* Build configuration list for PBXNativeTarget "WhisperProject" */;
			buildPhases = (
				898C5ED82B06020A0006C892 /* Sources */,
				898C5ED92B06020A0006C892 /* Frameworks */,
				898C5EDA2B06020A0006C892 /* Resources */,
			);
			buildRules = (
			);
			dependencies = (
			);
			name = WhisperProject;
			packageProductDependencies = (
				898C5F0E2B063BC50006C892 /* FirebaseAuth */,
				898C5F142B063BC50006C892 /* FirebaseDatabase */,
				898C5F162B063BC50006C892 /* FirebaseDatabaseSwift */,
				898C5F1A2B063BC50006C892 /* FirebaseFirestore */,
				898C5F1E2B063BC50006C892 /* FirebaseFirestoreSwift */,
				898C5F342B063BC50006C892 /* FirebaseStorage */,
			);
			productName = WhisperProject;
			productReference = 898C5EDC2B06020A0006C892 /* WhisperProject.app */;
			productType = "com.apple.product-type.application";
		};
/* End PBXNativeTarget section */

/* Begin PBXProject section */
		898C5ED42B06020A0006C892 /* Project object */ = {
			isa = PBXProject;
			attributes = {
				BuildIndependentTargetsInParallel = 1;
				LastSwiftUpdateCheck = 1500;
				LastUpgradeCheck = 1500;
				TargetAttributes = {
					898C5EDB2B06020A0006C892 = {
						CreatedOnToolsVersion = 15.0;
					};
				};
			};
			buildConfigurationList = 898C5ED72B06020A0006C892 /* Build configuration list for PBXProject "WhisperProject" */;
			compatibilityVersion = "Xcode 14.0";
			developmentRegion = en;
			hasScannedForEncodings = 0;
			knownRegions = (
				en,
				Base,
			);
			mainGroup = 898C5ED32B06020A0006C892;
			packageReferences = (
				898C5F012B063BC50006C892 /* XCRemoteSwiftPackageReference "firebase-ios-sdk" */,
			);
			productRefGroup = 898C5EDD2B06020A0006C892 /* Products */;
			projectDirPath = "";
			projectRoot = "";
			targets = (
				898C5EDB2B06020A0006C892 /* WhisperProject */,
			);
		};
/* End PBXProject section */

/* Begin PBXResourcesBuildPhase section */
		898C5EDA2B06020A0006C892 /* Resources */ = {
			isa = PBXResourcesBuildPhase;
			buildActionMask = 2147483647;
			files = (
				898C5EF92B062E980006C892 /* LaunchScreen.storyboard in Resources */,
				898C5F392B0640C40006C892 /* GoogleService-Info.plist in Resources */,
				898C5EE72B0602100006C892 /* Preview Assets.xcassets in Resources */,
				898C5EE42B0602100006C892 /* Assets.xcassets in Resources */,
			);
			runOnlyForDeploymentPostprocessing = 0;
		};
/* End PBXResourcesBuildPhase section */

/* Begin PBXSourcesBuildPhase section */
		898C5ED82B06020A0006C892 /* Sources */ = {
			isa = PBXSourcesBuildPhase;
			buildActionMask = 2147483647;
			files = (
				898C5F002B0638040006C892 /* AuthentecationViewModel.swift in Sources */,
				894F9B012B073D420075E708 /* HomeView.swift in Sources */,
				898C5F3D2B064B530006C892 /* FirestoreManager.swift in Sources */,
				898C5EF52B06200A0006C892 /* OnboardingBaseView.swift in Sources */,
				894F9AFD2B073C760075E708 /* AuthentecationVerifyViewModel.swift in Sources */,
				898C5F3B2B0643750006C892 /* AuthentecationManager.swift in Sources */,
				898C5EF32B061C900006C892 /* OnboardingModel.swift in Sources */,
				894F9AFF2B073CFB0075E708 /* CreateAccountView.swift in Sources */,
				898C5EFE2B0637F60006C892 /* AuthentecationVerifyView.swift in Sources */,
				898C5EF12B0618010006C892 /* OnBoardingFlow.swift in Sources */,
				898C5EE22B06020A0006C892 /* ContentView.swift in Sources */,
				898C5EFC2B0637E30006C892 /* AuthentecationView.swift in Sources */,
				898C5F452B0660B10006C892 /* Extensions.swift in Sources */,
				898C5EE02B06020A0006C892 /* WhisperProjectApp.swift in Sources */,
			);
			runOnlyForDeploymentPostprocessing = 0;
		};
/* End PBXSourcesBuildPhase section */

/* Begin XCBuildConfiguration section */
		898C5EE82B0602100006C892 /* Debug */ = {
			isa = XCBuildConfiguration;
			buildSettings = {
				ALWAYS_SEARCH_USER_PATHS = NO;
				ASSETCATALOG_COMPILER_GENERATE_SWIFT_ASSET_SYMBOL_EXTENSIONS = YES;
				CLANG_ANALYZER_NONNULL = YES;
				CLANG_ANALYZER_NUMBER_OBJECT_CONVERSION = YES_AGGRESSIVE;
				CLANG_CXX_LANGUAGE_STANDARD = "gnu++20";
				CLANG_ENABLE_MODULES = YES;
				CLANG_ENABLE_OBJC_ARC = YES;
				CLANG_ENABLE_OBJC_WEAK = YES;
				CLANG_WARN_BLOCK_CAPTURE_AUTORELEASING = YES;
				CLANG_WARN_BOOL_CONVERSION = YES;
				CLANG_WARN_COMMA = YES;
				CLANG_WARN_CONSTANT_CONVERSION = YES;
				CLANG_WARN_DEPRECATED_OBJC_IMPLEMENTATIONS = YES;
				CLANG_WARN_DIRECT_OBJC_ISA_USAGE = YES_ERROR;
				CLANG_WARN_DOCUMENTATION_COMMENTS = YES;
				CLANG_WARN_EMPTY_BODY = YES;
				CLANG_WARN_ENUM_CONVERSION = YES;
				CLANG_WARN_INFINITE_RECURSION = YES;
				CLANG_WARN_INT_CONVERSION = YES;
				CLANG_WARN_NON_LITERAL_NULL_CONVERSION = YES;
				CLANG_WARN_OBJC_IMPLICIT_RETAIN_SELF = YES;
				CLANG_WARN_OBJC_LITERAL_CONVERSION = YES;
				CLANG_WARN_OBJC_ROOT_CLASS = YES_ERROR;
				CLANG_WARN_QUOTED_INCLUDE_IN_FRAMEWORK_HEADER = YES;
				CLANG_WARN_RANGE_LOOP_ANALYSIS = YES;
				CLANG_WARN_STRICT_PROTOTYPES = YES;
				CLANG_WARN_SUSPICIOUS_MOVE = YES;
				CLANG_WARN_UNGUARDED_AVAILABILITY = YES_AGGRESSIVE;
				CLANG_WARN_UNREACHABLE_CODE = YES;
				CLANG_WARN__DUPLICATE_METHOD_MATCH = YES;
				COPY_PHASE_STRIP = NO;
				DEBUG_INFORMATION_FORMAT = dwarf;
				ENABLE_STRICT_OBJC_MSGSEND = YES;
				ENABLE_TESTABILITY = YES;
				ENABLE_USER_SCRIPT_SANDBOXING = YES;
				GCC_C_LANGUAGE_STANDARD = gnu17;
				GCC_DYNAMIC_NO_PIC = NO;
				GCC_NO_COMMON_BLOCKS = YES;
				GCC_OPTIMIZATION_LEVEL = 0;
				GCC_PREPROCESSOR_DEFINITIONS = (
					"DEBUG=1",
					"$(inherited)",
				);
				GCC_WARN_64_TO_32_BIT_CONVERSION = YES;
				GCC_WARN_ABOUT_RETURN_TYPE = YES_ERROR;
				GCC_WARN_UNDECLARED_SELECTOR = YES;
				GCC_WARN_UNINITIALIZED_AUTOS = YES_AGGRESSIVE;
				GCC_WARN_UNUSED_FUNCTION = YES;
				GCC_WARN_UNUSED_VARIABLE = YES;
				IPHONEOS_DEPLOYMENT_TARGET = 17.0;
				LOCALIZATION_PREFERS_STRING_CATALOGS = YES;
				MTL_ENABLE_DEBUG_INFO = INCLUDE_SOURCE;
				MTL_FAST_MATH = YES;
				ONLY_ACTIVE_ARCH = YES;
				SDKROOT = iphoneos;
				SWIFT_ACTIVE_COMPILATION_CONDITIONS = "DEBUG $(inherited)";
				SWIFT_OPTIMIZATION_LEVEL = "-Onone";
			};
			name = Debug;
		};
		898C5EE92B0602100006C892 /* Release */ = {
			isa = XCBuildConfiguration;
			buildSettings = {
				ALWAYS_SEARCH_USER_PATHS = NO;
				ASSETCATALOG_COMPILER_GENERATE_SWIFT_ASSET_SYMBOL_EXTENSIONS = YES;
				CLANG_ANALYZER_NONNULL = YES;
				CLANG_ANALYZER_NUMBER_OBJECT_CONVERSION = YES_AGGRESSIVE;
				CLANG_CXX_LANGUAGE_STANDARD = "gnu++20";
				CLANG_ENABLE_MODULES = YES;
				CLANG_ENABLE_OBJC_ARC = YES;
				CLANG_ENABLE_OBJC_WEAK = YES;
				CLANG_WARN_BLOCK_CAPTURE_AUTORELEASING = YES;
				CLANG_WARN_BOOL_CONVERSION = YES;
				CLANG_WARN_COMMA = YES;
				CLANG_WARN_CONSTANT_CONVERSION = YES;
				CLANG_WARN_DEPRECATED_OBJC_IMPLEMENTATIONS = YES;
				CLANG_WARN_DIRECT_OBJC_ISA_USAGE = YES_ERROR;
				CLANG_WARN_DOCUMENTATION_COMMENTS = YES;
				CLANG_WARN_EMPTY_BODY = YES;
				CLANG_WARN_ENUM_CONVERSION = YES;
				CLANG_WARN_INFINITE_RECURSION = YES;
				CLANG_WARN_INT_CONVERSION = YES;
				CLANG_WARN_NON_LITERAL_NULL_CONVERSION = YES;
				CLANG_WARN_OBJC_IMPLICIT_RETAIN_SELF = YES;
				CLANG_WARN_OBJC_LITERAL_CONVERSION = YES;
				CLANG_WARN_OBJC_ROOT_CLASS = YES_ERROR;
				CLANG_WARN_QUOTED_INCLUDE_IN_FRAMEWORK_HEADER = YES;
				CLANG_WARN_RANGE_LOOP_ANALYSIS = YES;
				CLANG_WARN_STRICT_PROTOTYPES = YES;
				CLANG_WARN_SUSPICIOUS_MOVE = YES;
				CLANG_WARN_UNGUARDED_AVAILABILITY = YES_AGGRESSIVE;
				CLANG_WARN_UNREACHABLE_CODE = YES;
				CLANG_WARN__DUPLICATE_METHOD_MATCH = YES;
				COPY_PHASE_STRIP = NO;
				DEBUG_INFORMATION_FORMAT = "dwarf-with-dsym";
				ENABLE_NS_ASSERTIONS = NO;
				ENABLE_STRICT_OBJC_MSGSEND = YES;
				ENABLE_USER_SCRIPT_SANDBOXING = YES;
				GCC_C_LANGUAGE_STANDARD = gnu17;
				GCC_NO_COMMON_BLOCKS = YES;
				GCC_WARN_64_TO_32_BIT_CONVERSION = YES;
				GCC_WARN_ABOUT_RETURN_TYPE = YES_ERROR;
				GCC_WARN_UNDECLARED_SELECTOR = YES;
				GCC_WARN_UNINITIALIZED_AUTOS = YES_AGGRESSIVE;
				GCC_WARN_UNUSED_FUNCTION = YES;
				GCC_WARN_UNUSED_VARIABLE = YES;
				IPHONEOS_DEPLOYMENT_TARGET = 17.0;
				LOCALIZATION_PREFERS_STRING_CATALOGS = YES;
				MTL_ENABLE_DEBUG_INFO = NO;
				MTL_FAST_MATH = YES;
				SDKROOT = iphoneos;
				SWIFT_COMPILATION_MODE = wholemodule;
				VALIDATE_PRODUCT = YES;
			};
			name = Release;
		};
		898C5EEB2B0602100006C892 /* Debug */ = {
			isa = XCBuildConfiguration;
			buildSettings = {
				ASSETCATALOG_COMPILER_APPICON_NAME = AppIcon;
				ASSETCATALOG_COMPILER_GLOBAL_ACCENT_COLOR_NAME = AccentColor;
				CODE_SIGN_STYLE = Automatic;
				CURRENT_PROJECT_VERSION = 1;
				DEVELOPMENT_ASSET_PATHS = "\"WhisperProject/Preview Content\"";
				DEVELOPMENT_TEAM = C3KPQS4JDU;
				ENABLE_PREVIEWS = YES;
				GENERATE_INFOPLIST_FILE = YES;
				INFOPLIST_FILE = WhisperProject/Info.plist;
				INFOPLIST_KEY_CFBundleDisplayName = Whisper;
				INFOPLIST_KEY_UIApplicationSceneManifest_Generation = YES;
				INFOPLIST_KEY_UIApplicationSupportsIndirectInputEvents = YES;
				INFOPLIST_KEY_UILaunchScreen_Generation = YES;
				INFOPLIST_KEY_UILaunchStoryboardName = LaunchScreen.storyboard;
				INFOPLIST_KEY_UISupportedInterfaceOrientations = UIInterfaceOrientationPortrait;
				INFOPLIST_KEY_UISupportedInterfaceOrientations_iPad = UIInterfaceOrientationPortrait;
				LD_RUNPATH_SEARCH_PATHS = (
					"$(inherited)",
					"@executable_path/Frameworks",
				);
				MARKETING_VERSION = 1.0;
				PRODUCT_BUNDLE_IDENTIFIER = com.AbdelrahmanShera.WhisperProject;
				PRODUCT_NAME = "$(TARGET_NAME)";
				SWIFT_EMIT_LOC_STRINGS = YES;
				SWIFT_VERSION = 5.0;
				TARGETED_DEVICE_FAMILY = "1,2";
			};
			name = Debug;
		};
		898C5EEC2B0602100006C892 /* Release */ = {
			isa = XCBuildConfiguration;
			buildSettings = {
				ASSETCATALOG_COMPILER_APPICON_NAME = AppIcon;
				ASSETCATALOG_COMPILER_GLOBAL_ACCENT_COLOR_NAME = AccentColor;
				CODE_SIGN_STYLE = Automatic;
				CURRENT_PROJECT_VERSION = 1;
				DEVELOPMENT_ASSET_PATHS = "\"WhisperProject/Preview Content\"";
				DEVELOPMENT_TEAM = C3KPQS4JDU;
				ENABLE_PREVIEWS = YES;
				GENERATE_INFOPLIST_FILE = YES;
				INFOPLIST_FILE = WhisperProject/Info.plist;
				INFOPLIST_KEY_CFBundleDisplayName = Whisper;
				INFOPLIST_KEY_UIApplicationSceneManifest_Generation = YES;
				INFOPLIST_KEY_UIApplicationSupportsIndirectInputEvents = YES;
				INFOPLIST_KEY_UILaunchScreen_Generation = YES;
				INFOPLIST_KEY_UILaunchStoryboardName = LaunchScreen.storyboard;
				INFOPLIST_KEY_UISupportedInterfaceOrientations = UIInterfaceOrientationPortrait;
				INFOPLIST_KEY_UISupportedInterfaceOrientations_iPad = UIInterfaceOrientationPortrait;
				LD_RUNPATH_SEARCH_PATHS = (
					"$(inherited)",
					"@executable_path/Frameworks",
				);
				MARKETING_VERSION = 1.0;
				PRODUCT_BUNDLE_IDENTIFIER = com.AbdelrahmanShera.WhisperProject;
				PRODUCT_NAME = "$(TARGET_NAME)";
				SWIFT_EMIT_LOC_STRINGS = YES;
				SWIFT_VERSION = 5.0;
				TARGETED_DEVICE_FAMILY = "1,2";
			};
			name = Release;
		};
/* End XCBuildConfiguration section */

/* Begin XCConfigurationList section */
		898C5ED72B06020A0006C892 /* Build configuration list for PBXProject "WhisperProject" */ = {
			isa = XCConfigurationList;
			buildConfigurations = (
				898C5EE82B0602100006C892 /* Debug */,
				898C5EE92B0602100006C892 /* Release */,
			);
			defaultConfigurationIsVisible = 0;
			defaultConfigurationName = Release;
		};
		898C5EEA2B0602100006C892 /* Build configuration list for PBXNativeTarget "WhisperProject" */ = {
			isa = XCConfigurationList;
			buildConfigurations = (
				898C5EEB2B0602100006C892 /* Debug */,
				898C5EEC2B0602100006C892 /* Release */,
			);
			defaultConfigurationIsVisible = 0;
			defaultConfigurationName = Release;
		};
/* End XCConfigurationList section */

/* Begin XCRemoteSwiftPackageReference section */
		898C5F012B063BC50006C892 /* XCRemoteSwiftPackageReference "firebase-ios-sdk" */ = {
			isa = XCRemoteSwiftPackageReference;
			repositoryURL = "https://github.com/firebase/firebase-ios-sdk";
			requirement = {
				kind = upToNextMajorVersion;
				minimumVersion = 10.18.0;
			};
		};
/* End XCRemoteSwiftPackageReference section */

/* Begin XCSwiftPackageProductDependency section */
		898C5F0E2B063BC50006C892 /* FirebaseAuth */ = {
			isa = XCSwiftPackageProductDependency;
			package = 898C5F012B063BC50006C892 /* XCRemoteSwiftPackageReference "firebase-ios-sdk" */;
			productName = FirebaseAuth;
		};
		898C5F142B063BC50006C892 /* FirebaseDatabase */ = {
			isa = XCSwiftPackageProductDependency;
			package = 898C5F012B063BC50006C892 /* XCRemoteSwiftPackageReference "firebase-ios-sdk" */;
			productName = FirebaseDatabase;
		};
		898C5F162B063BC50006C892 /* FirebaseDatabaseSwift */ = {
			isa = XCSwiftPackageProductDependency;
			package = 898C5F012B063BC50006C892 /* XCRemoteSwiftPackageReference "firebase-ios-sdk" */;
			productName = FirebaseDatabaseSwift;
		};
		898C5F1A2B063BC50006C892 /* FirebaseFirestore */ = {
			isa = XCSwiftPackageProductDependency;
			package = 898C5F012B063BC50006C892 /* XCRemoteSwiftPackageReference "firebase-ios-sdk" */;
			productName = FirebaseFirestore;
		};
		898C5F1E2B063BC50006C892 /* FirebaseFirestoreSwift */ = {
			isa = XCSwiftPackageProductDependency;
			package = 898C5F012B063BC50006C892 /* XCRemoteSwiftPackageReference "firebase-ios-sdk" */;
			productName = FirebaseFirestoreSwift;
		};
		898C5F342B063BC50006C892 /* FirebaseStorage */ = {
			isa = XCSwiftPackageProductDependency;
			package = 898C5F012B063BC50006C892 /* XCRemoteSwiftPackageReference "firebase-ios-sdk" */;
			productName = FirebaseStorage;
		};
/* End XCSwiftPackageProductDependency section */
	};
	rootObject = 898C5ED42B06020A0006C892 /* Project object */;
}
